
Microsoft Visual Studio Solution File, Format Version 12.00
# Visual Studio Version 17
VisualStudioVersion = 17.14.36414.22 d17.14
MinimumVisualStudioVersion = 10.0.40219.1
Project("{FAE04EC0-301F-11D3-BF4B-00C04F79EFBC}") = "ChatAppSignalR", "ChatAppSignalR\ChatAppSignalR.csproj", "{D0674A80-2579-4A68-B57B-B5EC2B301519}"
EndProject
Global
	GlobalSection(SolutionConfigurationPlatforms) = preSolution
		Debug|Any CPU = Debug|Any CPU
		Release|Any CPU = Release|Any CPU
	EndGlobalSection
	GlobalSection(ProjectConfigurationPlatforms) = postSolution
		{D0674A80-2579-4A68-B57B-B5EC2B301519}.Debug|Any CPU.ActiveCfg = Debug|Any CPU
		{D0674A80-2579-4A68-B57B-B5EC2B301519}.Debug|Any CPU.Build.0 = Debug|Any CPU
		{D0674A80-2579-4A68-B57B-B5EC2B301519}.Release|Any CPU.ActiveCfg = Release|Any CPU
		{D0674A80-2579-4A68-B57B-B5EC2B301519}.Release|Any CPU.Build.0 = Release|Any CPU
	EndGlobalSection
	GlobalSection(SolutionProperties) = preSolution
		HideSolutionNode = FALSE
	EndGlobalSection
	GlobalSection(ExtensibilityGlobals) = postSolution
		SolutionGuid = {BA76928E-A497-458E-9657-6846D1FDD3CE}
	EndGlobalSection
EndGlobal
